
Microsoft Visual Studio Solution File, Format Version 12.00
# Visual Studio Version 17
VisualStudioVersion = 17.11.35219.272
MinimumVisualStudioVersion = 10.0.40219.1
Project("{FAE04EC0-301F-11D3-BF4B-00C04F79EFBC}") = "MathGame.VaZoi", "MathGame.VaZoi\MathGame.VaZoi.csproj", "{F52B0164-6601-49E5-97A8-0ED591EFC296}"
EndProject
Global
	GlobalSection(SolutionConfigurationPlatforms) = preSolution
		Debug|Any CPU = Debug|Any CPU
		Release|Any CPU = Release|Any CPU
	EndGlobalSection
	GlobalSection(ProjectConfigurationPlatforms) = postSolution
		{F52B0164-6601-49E5-97A8-0ED591EFC296}.Debug|Any CPU.ActiveCfg = Debug|Any CPU
		{F52B0164-6601-49E5-97A8-0ED591EFC296}.Debug|Any CPU.Build.0 = Debug|Any CPU
		{F52B0164-6601-49E5-97A8-0ED591EFC296}.Release|Any CPU.ActiveCfg = Release|Any CPU
		{F52B0164-6601-49E5-97A8-0ED591EFC296}.Release|Any CPU.Build.0 = Release|Any CPU
	EndGlobalSection
	GlobalSection(SolutionProperties) = preSolution
		HideSolutionNode = FALSE
	EndGlobalSection
	GlobalSection(ExtensibilityGlobals) = postSolution
		SolutionGuid = {B9EDB501-3D36-41A5-AC9F-2A9938835CB6}
	EndGlobalSection
EndGlobal
